# generated by rye
# use `rye lock` or `rye sync` to update this lockfile
#
# last locked with the following flags:
#   pre: false
#   features: []
#   all-features: false

-e file:.
asttokens==2.4.0
backcall==0.2.0
colorama==0.4.6
comm==0.1.4
debugpy==1.8.0
decorator==5.1.1
executing==2.0.0
greenlet==3.0.0
importlib-metadata==6.8.0
ipykernel==6.25.2
ipython==8.12.3
jedi==0.19.1
jupyter-client==8.3.1
jupyter-core==5.3.2
matplotlib-inline==0.1.6
mysqlclient==2.2.0
nest-asyncio==1.5.8
numpy==1.24.4
packaging==23.2
pandas==2.0.3
parso==0.8.3
pickleshare==0.7.5
platformdirs==3.11.0
prompt-toolkit==3.0.39
psutil==5.9.5
psycopg2-binary==2.9.9
pure-eval==0.2.2
pygments==2.16.1
python-dateutil==2.8.2
pytz==2023.3.post1
pywin32==306
pyzmq==25.1.1
six==1.16.0
sqlalchemy==2.0.21
stack-data==0.6.3
tornado==6.3.3
traitlets==5.11.2
typing-extensions==4.8.0
tzdata==2023.3
wcwidth==0.2.8
zipp==3.17.0
